
Microsoft Visual Studio Solution File, Format Version 10.00
# Visual Studio 2008
Project("{8BC9CEB8-8B4A-11D0-8D11-00A0C91BC942}") = "nit", "nit.vcproj", "{281FA1AE-1D5C-47D2-AC3C-E49DA8011590}"
	ProjectSection(ProjectDependencies) = postProject
		{01B05678-9D82-4F70-B638-E7CA786681B0} = {01B05678-9D82-4F70-B638-E7CA786681B0}
	EndProjectSection
EndProject
Project("{8BC9CEB8-8B4A-11D0-8D11-00A0C91BC942}") = "ext-imgcodecs", "ext-imgcodecs.vcproj", "{01B05678-9D82-4F70-B638-E7CA786681B0}"
EndProject
Project("{8BC9CEB8-8B4A-11D0-8D11-00A0C91BC942}") = "nit-rsh", "nit-rsh.vcproj", "{3E4AAA65-11AD-44F2-85B5-A6E8410DF0F8}"
	ProjectSection(ProjectDependencies) = postProject
		{281FA1AE-1D5C-47D2-AC3C-E49DA8011590} = {281FA1AE-1D5C-47D2-AC3C-E49DA8011590}
	EndProjectSection
EndProject
Project("{8BC9CEB8-8B4A-11D0-8D11-00A0C91BC942}") = "nitwx", "nitwx.vcproj", "{8E1A3513-E849-4608-9D6F-207826BFAA19}"
	ProjectSection(ProjectDependencies) = postProject
		{281FA1AE-1D5C-47D2-AC3C-E49DA8011590} = {281FA1AE-1D5C-47D2-AC3C-E49DA8011590}
	EndProjectSection
EndProject
Project("{8BC9CEB8-8B4A-11D0-8D11-00A0C91BC942}") = "nit-shell", "nit-shell.vcproj", "{1A0CCC5B-EED3-4340-B57F-BF2D9351B379}"
	ProjectSection(ProjectDependencies) = postProject
		{8E1A3513-E849-4608-9D6F-207826BFAA19} = {8E1A3513-E849-4608-9D6F-207826BFAA19}
		{281FA1AE-1D5C-47D2-AC3C-E49DA8011590} = {281FA1AE-1D5C-47D2-AC3C-E49DA8011590}
	EndProjectSection
EndProject
Project("{8BC9CEB8-8B4A-11D0-8D11-00A0C91BC942}") = "nitrender", "nitrender.vcproj", "{D7711C61-DF26-4AF1-9A82-441277E6639E}"
	ProjectSection(ProjectDependencies) = postProject
		{281FA1AE-1D5C-47D2-AC3C-E49DA8011590} = {281FA1AE-1D5C-47D2-AC3C-E49DA8011590}
	EndProjectSection
EndProject
Project("{8BC9CEB8-8B4A-11D0-8D11-00A0C91BC942}") = "nit2d", "nit2d.vcproj", "{6DA29A30-78DE-4BD3-8732-B6D284BAC072}"
	ProjectSection(ProjectDependencies) = postProject
		{408DA159-7621-41BA-9B69-6B09361DCD78} = {408DA159-7621-41BA-9B69-6B09361DCD78}
		{D7711C61-DF26-4AF1-9A82-441277E6639E} = {D7711C61-DF26-4AF1-9A82-441277E6639E}
		{281FA1AE-1D5C-47D2-AC3C-E49DA8011590} = {281FA1AE-1D5C-47D2-AC3C-E49DA8011590}
	EndProjectSection
EndProject
Project("{8BC9CEB8-8B4A-11D0-8D11-00A0C91BC942}") = "ext-freetype", "ext-freetype.vcproj", "{408DA159-7621-41BA-9B69-6B09361DCD78}"
EndProject
Project("{8BC9CEB8-8B4A-11D0-8D11-00A0C91BC942}") = "ext-curl", "ext-curl.vcproj", "{9E22EDD0-60F7-4D7C-96F6-8C5F6EE03A8A}"
EndProject
Project("{8BC9CEB8-8B4A-11D0-8D11-00A0C91BC942}") = "nitnet", "nitnet.vcproj", "{9293D19B-73C4-4634-A1DF-C6F5C659A974}"
	ProjectSection(ProjectDependencies) = postProject
		{281FA1AE-1D5C-47D2-AC3C-E49DA8011590} = {281FA1AE-1D5C-47D2-AC3C-E49DA8011590}
		{9E22EDD0-60F7-4D7C-96F6-8C5F6EE03A8A} = {9E22EDD0-60F7-4D7C-96F6-8C5F6EE03A8A}
	EndProjectSection
EndProject
Project("{8BC9CEB8-8B4A-11D0-8D11-00A0C91BC942}") = "nitbundler", "nitbundler.vcproj", "{4676C0AC-1FFF-4583-B8B2-293E8773DF0B}"
	ProjectSection(ProjectDependencies) = postProject
		{01B05678-9D82-4F70-B638-E7CA786681B0} = {01B05678-9D82-4F70-B638-E7CA786681B0}
		{281FA1AE-1D5C-47D2-AC3C-E49DA8011590} = {281FA1AE-1D5C-47D2-AC3C-E49DA8011590}
	EndProjectSection
EndProject
Global
	GlobalSection(SolutionConfigurationPlatforms) = preSolution
		Debug|Win32 = Debug|Win32
		Release|Win32 = Release|Win32
		Static|Win32 = Static|Win32
	EndGlobalSection
	GlobalSection(ProjectConfigurationPlatforms) = postSolution
		{281FA1AE-1D5C-47D2-AC3C-E49DA8011590}.Debug|Win32.ActiveCfg = Debug|Win32
		{281FA1AE-1D5C-47D2-AC3C-E49DA8011590}.Debug|Win32.Build.0 = Debug|Win32
		{281FA1AE-1D5C-47D2-AC3C-E49DA8011590}.Release|Win32.ActiveCfg = Release|Win32
		{281FA1AE-1D5C-47D2-AC3C-E49DA8011590}.Release|Win32.Build.0 = Release|Win32
		{281FA1AE-1D5C-47D2-AC3C-E49DA8011590}.Static|Win32.ActiveCfg = Release|Win32
		{281FA1AE-1D5C-47D2-AC3C-E49DA8011590}.Static|Win32.Build.0 = Release|Win32
		{01B05678-9D82-4F70-B638-E7CA786681B0}.Debug|Win32.ActiveCfg = Debug|Win32
		{01B05678-9D82-4F70-B638-E7CA786681B0}.Debug|Win32.Build.0 = Debug|Win32
		{01B05678-9D82-4F70-B638-E7CA786681B0}.Release|Win32.ActiveCfg = Release|Win32
		{01B05678-9D82-4F70-B638-E7CA786681B0}.Release|Win32.Build.0 = Release|Win32
		{01B05678-9D82-4F70-B638-E7CA786681B0}.Static|Win32.ActiveCfg = Debug|Win32
		{01B05678-9D82-4F70-B638-E7CA786681B0}.Static|Win32.Build.0 = Debug|Win32
		{3E4AAA65-11AD-44F2-85B5-A6E8410DF0F8}.Debug|Win32.ActiveCfg = Debug|Win32
		{3E4AAA65-11AD-44F2-85B5-A6E8410DF0F8}.Debug|Win32.Build.0 = Debug|Win32
		{3E4AAA65-11AD-44F2-85B5-A6E8410DF0F8}.Release|Win32.ActiveCfg = Release|Win32
		{3E4AAA65-11AD-44F2-85B5-A6E8410DF0F8}.Release|Win32.Build.0 = Release|Win32
		{3E4AAA65-11AD-44F2-85B5-A6E8410DF0F8}.Static|Win32.ActiveCfg = Release|Win32
		{3E4AAA65-11AD-44F2-85B5-A6E8410DF0F8}.Static|Win32.Build.0 = Release|Win32
		{8E1A3513-E849-4608-9D6F-207826BFAA19}.Debug|Win32.ActiveCfg = Debug|Win32
		{8E1A3513-E849-4608-9D6F-207826BFAA19}.Debug|Win32.Build.0 = Debug|Win32
		{8E1A3513-E849-4608-9D6F-207826BFAA19}.Release|Win32.ActiveCfg = Release|Win32
		{8E1A3513-E849-4608-9D6F-207826BFAA19}.Release|Win32.Build.0 = Release|Win32
		{8E1A3513-E849-4608-9D6F-207826BFAA19}.Static|Win32.ActiveCfg = Release|Win32
		{8E1A3513-E849-4608-9D6F-207826BFAA19}.Static|Win32.Build.0 = Release|Win32
		{1A0CCC5B-EED3-4340-B57F-BF2D9351B379}.Debug|Win32.ActiveCfg = Debug|Win32
		{1A0CCC5B-EED3-4340-B57F-BF2D9351B379}.Debug|Win32.Build.0 = Debug|Win32
		{1A0CCC5B-EED3-4340-B57F-BF2D9351B379}.Release|Win32.ActiveCfg = Release|Win32
		{1A0CCC5B-EED3-4340-B57F-BF2D9351B379}.Release|Win32.Build.0 = Release|Win32
		{1A0CCC5B-EED3-4340-B57F-BF2D9351B379}.Static|Win32.ActiveCfg = Release|Win32
		{1A0CCC5B-EED3-4340-B57F-BF2D9351B379}.Static|Win32.Build.0 = Release|Win32
		{D7711C61-DF26-4AF1-9A82-441277E6639E}.Debug|Win32.ActiveCfg = Debug|Win32
		{D7711C61-DF26-4AF1-9A82-441277E6639E}.Debug|Win32.Build.0 = Debug|Win32
		{D7711C61-DF26-4AF1-9A82-441277E6639E}.Release|Win32.ActiveCfg = Release|Win32
		{D7711C61-DF26-4AF1-9A82-441277E6639E}.Release|Win32.Build.0 = Release|Win32
		{D7711C61-DF26-4AF1-9A82-441277E6639E}.Static|Win32.ActiveCfg = Release|Win32
		{D7711C61-DF26-4AF1-9A82-441277E6639E}.Static|Win32.Build.0 = Release|Win32
		{6DA29A30-78DE-4BD3-8732-B6D284BAC072}.Debug|Win32.ActiveCfg = Debug|Win32
		{6DA29A30-78DE-4BD3-8732-B6D284BAC072}.Debug|Win32.Build.0 = Debug|Win32
		{6DA29A30-78DE-4BD3-8732-B6D284BAC072}.Release|Win32.ActiveCfg = Release|Win32
		{6DA29A30-78DE-4BD3-8732-B6D284BAC072}.Release|Win32.Build.0 = Release|Win32
		{6DA29A30-78DE-4BD3-8732-B6D284BAC072}.Static|Win32.ActiveCfg = Release|Win32
		{6DA29A30-78DE-4BD3-8732-B6D284BAC072}.Static|Win32.Build.0 = Release|Win32
		{408DA159-7621-41BA-9B69-6B09361DCD78}.Debug|Win32.ActiveCfg = Debug|Win32
		{408DA159-7621-41BA-9B69-6B09361DCD78}.Debug|Win32.Build.0 = Debug|Win32
		{408DA159-7621-41BA-9B69-6B09361DCD78}.Release|Win32.ActiveCfg = Release|Win32
		{408DA159-7621-41BA-9B69-6B09361DCD78}.Release|Win32.Build.0 = Release|Win32
		{408DA159-7621-41BA-9B69-6B09361DCD78}.Static|Win32.ActiveCfg = Static|Win32
		{408DA159-7621-41BA-9B69-6B09361DCD78}.Static|Win32.Build.0 = Static|Win32
		{9E22EDD0-60F7-4D7C-96F6-8C5F6EE03A8A}.Debug|Win32.ActiveCfg = Debug|Win32
		{9E22EDD0-60F7-4D7C-96F6-8C5F6EE03A8A}.Debug|Win32.Build.0 = Debug|Win32
		{9E22EDD0-60F7-4D7C-96F6-8C5F6EE03A8A}.Release|Win32.ActiveCfg = Release|Win32
		{9E22EDD0-60F7-4D7C-96F6-8C5F6EE03A8A}.Release|Win32.Build.0 = Release|Win32
		{9E22EDD0-60F7-4D7C-96F6-8C5F6EE03A8A}.Static|Win32.ActiveCfg = Static|Win32
		{9E22EDD0-60F7-4D7C-96F6-8C5F6EE03A8A}.Static|Win32.Build.0 = Static|Win32
		{9293D19B-73C4-4634-A1DF-C6F5C659A974}.Debug|Win32.ActiveCfg = Debug|Win32
		{9293D19B-73C4-4634-A1DF-C6F5C659A974}.Debug|Win32.Build.0 = Debug|Win32
		{9293D19B-73C4-4634-A1DF-C6F5C659A974}.Release|Win32.ActiveCfg = Release|Win32
		{9293D19B-73C4-4634-A1DF-C6F5C659A974}.Release|Win32.Build.0 = Release|Win32
		{9293D19B-73C4-4634-A1DF-C6F5C659A974}.Static|Win32.ActiveCfg = Release|Win32
		{9293D19B-73C4-4634-A1DF-C6F5C659A974}.Static|Win32.Build.0 = Release|Win32
		{4676C0AC-1FFF-4583-B8B2-293E8773DF0B}.Debug|Win32.ActiveCfg = Debug|Win32
		{4676C0AC-1FFF-4583-B8B2-293E8773DF0B}.Debug|Win32.Build.0 = Debug|Win32
		{4676C0AC-1FFF-4583-B8B2-293E8773DF0B}.Release|Win32.ActiveCfg = Release|Win32
		{4676C0AC-1FFF-4583-B8B2-293E8773DF0B}.Release|Win32.Build.0 = Release|Win32
		{4676C0AC-1FFF-4583-B8B2-293E8773DF0B}.Static|Win32.ActiveCfg = Release|Win32
		{4676C0AC-1FFF-4583-B8B2-293E8773DF0B}.Static|Win32.Build.0 = Release|Win32
	EndGlobalSection
	GlobalSection(SolutionProperties) = preSolution
		HideSolutionNode = FALSE
	EndGlobalSection
EndGlobal
